
Microsoft Visual Studio Solution File, Format Version 12.00
# Visual Studio 15
VisualStudioVersion = 15.0.28307.1022
MinimumVisualStudioVersion = 10.0.40219.1
Project("{FAE04EC0-301F-11D3-BF4B-00C04F79EFBC}") = "ArcEngine_Resharp_Demo", "ArcEngine_Resharp_Demo\ArcEngine_Resharp_Demo.csproj", "{FF6809BE-9FA0-4ED2-9BD1-6BA610B3819B}"
EndProject
Global
	GlobalSection(SolutionConfigurationPlatforms) = preSolution
		Debug|Any CPU = Debug|Any CPU
		Release|Any CPU = Release|Any CPU
	EndGlobalSection
	GlobalSection(ProjectConfigurationPlatforms) = postSolution
		{FF6809BE-9FA0-4ED2-9BD1-6BA610B3819B}.Debug|Any CPU.ActiveCfg = Debug|Any CPU
		{FF6809BE-9FA0-4ED2-9BD1-6BA610B3819B}.Debug|Any CPU.Build.0 = Debug|Any CPU
		{FF6809BE-9FA0-4ED2-9BD1-6BA610B3819B}.Release|Any CPU.ActiveCfg = Release|Any CPU
		{FF6809BE-9FA0-4ED2-9BD1-6BA610B3819B}.Release|Any CPU.Build.0 = Release|Any CPU
	EndGlobalSection
	GlobalSection(SolutionProperties) = preSolution
		HideSolutionNode = FALSE
	EndGlobalSection
	GlobalSection(ExtensibilityGlobals) = postSolution
		SolutionGuid = {900E8DDA-833A-4D73-9611-CCFBB366E17B}
	EndGlobalSection
EndGlobal
